
Microsoft Visual Studio Solution File, Format Version 12.00
# Visual Studio Version 16
VisualStudioVersion = 16.0.30503.244
MinimumVisualStudioVersion = 10.0.40219.1
Project("{FAE04EC0-301F-11D3-BF4B-00C04F79EFBC}") = "aes_test", "aes_test\aes_test.csproj", "{8E2539BF-612D-4F82-B522-584A7A2FB4EB}"
EndProject
Global
	GlobalSection(SolutionConfigurationPlatforms) = preSolution
		Debug|Any CPU = Debug|Any CPU
		Release|Any CPU = Release|Any CPU
	EndGlobalSection
	GlobalSection(ProjectConfigurationPlatforms) = postSolution
		{8E2539BF-612D-4F82-B522-584A7A2FB4EB}.Debug|Any CPU.ActiveCfg = Debug|Any CPU
		{8E2539BF-612D-4F82-B522-584A7A2FB4EB}.Debug|Any CPU.Build.0 = Debug|Any CPU
		{8E2539BF-612D-4F82-B522-584A7A2FB4EB}.Release|Any CPU.ActiveCfg = Release|Any CPU
		{8E2539BF-612D-4F82-B522-584A7A2FB4EB}.Release|Any CPU.Build.0 = Release|Any CPU
	EndGlobalSection
	GlobalSection(SolutionProperties) = preSolution
		HideSolutionNode = FALSE
	EndGlobalSection
	GlobalSection(ExtensibilityGlobals) = postSolution
		SolutionGuid = {72DC93E4-DBFE-4EA0-80A7-AD7EDE8C7AA5}
	EndGlobalSection
EndGlobal
